
Microsoft Visual Studio Solution File, Format Version 12.00
# Visual Studio Version 17
VisualStudioVersion = 17.9.34622.214
MinimumVisualStudioVersion = 10.0.40219.1
Project("{FAE04EC0-301F-11D3-BF4B-00C04F79EFBC}") = "ECommerceMvc", "ECommerceMvc\ECommerceMvc.csproj", "{325F7420-84F1-4A50-A0F6-7F255D983F30}"
EndProject
Project("{FAE04EC0-301F-11D3-BF4B-00C04F79EFBC}") = "ECommerceShared", "ECommerceShared\ECommerceShared.csproj", "{BDB7BF92-3B65-448B-B5A0-9749F8F18431}"
EndProject
Global
	GlobalSection(SolutionConfigurationPlatforms) = preSolution
		Debug|Any CPU = Debug|Any CPU
		Release|Any CPU = Release|Any CPU
	EndGlobalSection
	GlobalSection(ProjectConfigurationPlatforms) = postSolution
		{325F7420-84F1-4A50-A0F6-7F255D983F30}.Debug|Any CPU.ActiveCfg = Debug|Any CPU
		{325F7420-84F1-4A50-A0F6-7F255D983F30}.Debug|Any CPU.Build.0 = Debug|Any CPU
		{325F7420-84F1-4A50-A0F6-7F255D983F30}.Release|Any CPU.ActiveCfg = Release|Any CPU
		{325F7420-84F1-4A50-A0F6-7F255D983F30}.Release|Any CPU.Build.0 = Release|Any CPU
		{BDB7BF92-3B65-448B-B5A0-9749F8F18431}.Debug|Any CPU.ActiveCfg = Debug|Any CPU
		{BDB7BF92-3B65-448B-B5A0-9749F8F18431}.Debug|Any CPU.Build.0 = Debug|Any CPU
		{BDB7BF92-3B65-448B-B5A0-9749F8F18431}.Release|Any CPU.ActiveCfg = Release|Any CPU
		{BDB7BF92-3B65-448B-B5A0-9749F8F18431}.Release|Any CPU.Build.0 = Release|Any CPU
	EndGlobalSection
	GlobalSection(SolutionProperties) = preSolution
		HideSolutionNode = FALSE
	EndGlobalSection
	GlobalSection(ExtensibilityGlobals) = postSolution
		SolutionGuid = {C662D3E1-FE60-4E74-ACCE-DDC156B23F7F}
	EndGlobalSection
EndGlobal
